{
  "name": "tic-tac-toe",
  "lockfileVersion": 2,
  "requires": true,
  "packages": {
    "": {
      "dependencies": {
        "tic-tac-toe-minimax": "^1.0.8"
      }
    },
    "node_modules/tic-tac-toe-minimax": {
      "version": "1.0.8",
      "resolved": "https://registry.npmjs.org/tic-tac-toe-minimax/-/tic-tac-toe-minimax-1.0.8.tgz",
      "integrity": "sha512-aDpyeAqdBkTkhaV2C26z61PKwiy3vLJP8k/n59HYhJaH4AmIkh4KlzwQljcEcatr7mT5X/aW8Q/8g/I50rY0Sw=="
    }
  },
  "dependencies": {
    "tic-tac-toe-minimax": {
      "version": "1.0.8",
      "resolved": "https://registry.npmjs.org/tic-tac-toe-minimax/-/tic-tac-toe-minimax-1.0.8.tgz",
      "integrity": "sha512-aDpyeAqdBkTkhaV2C26z61PKwiy3vLJP8k/n59HYhJaH4AmIkh4KlzwQljcEcatr7mT5X/aW8Q/8g/I50rY0Sw=="
    }
  }
}
